# THIS IS AN AUTOGENERATED FILE. DO NOT EDIT THIS FILE DIRECTLY.
# yarn lockfile v1


addressit@^1.4.0:
  version "1.4.0"
  resolved "https://registry.yarnpkg.com/addressit/-/addressit-1.4.0.tgz#7a33aecba1918d413bf06ece74d6dcd3c036ca40"
  dependencies:
    cog "^1.0.0"

classnames@^2.2.5:
  version "2.2.5"
  resolved "https://registry.yarnpkg.com/classnames/-/classnames-2.2.5.tgz#fb3801d453467649ef3603c7d61a02bd129bde6d"

cog@^1.0.0:
  version "1.1.0"
  resolved "https://registry.yarnpkg.com/cog/-/cog-1.1.0.tgz#bff31f813b7deaed5ad868bfe364f2ff9afe10b3"

underscore@^1.8.3:
  version "1.8.3"
  resolved "https://registry.yarnpkg.com/underscore/-/underscore-1.8.3.tgz#4f3fb53b106e6097fcf9cb4109f2a5e9bdfa5022"
